# THIS IS AN AUTOGENERATED FILE. DO NOT EDIT THIS FILE DIRECTLY.
# yarn lockfile v1


now-env@^3.1.0:
  version "3.1.0"
  resolved "https://registry.yarnpkg.com/now-env/-/now-env-3.1.0.tgz#e0198b67279d387229cfd4b25de4c2fc7156943f"
  integrity sha512-f+jXC+UkoxD/g9Nlig99Bxswoh7UUuQxw0EsPfuueHnVpVE0LfgQ4el5dxY4TSXwrL9mEF9GGm0gb7r3K8r/ug==

oauth@*:
  version "0.9.15"
  resolved "https://registry.yarnpkg.com/oauth/-/oauth-0.9.15.tgz#bd1fefaf686c96b75475aed5196412ff60cfb9c1"
  integrity sha1-vR/vr2hslrdUda7VGWQS/2DPucE=

qs@*:
  version "6.6.0"
  resolved "https://registry.yarnpkg.com/qs/-/qs-6.6.0.tgz#a99c0f69a8d26bf7ef012f871cdabb0aee4424c2"
  integrity sha512-KIJqT9jQJDQx5h5uAVPimw6yVg2SekOKu959OCtktD3FjzbpvaPr8i4zzg07DOMz+igA4W/aNM7OV8H37pFYfA==

twitter-node-client@^0.0.6:
  version "0.0.6"
  resolved "https://registry.yarnpkg.com/twitter-node-client/-/twitter-node-client-0.0.6.tgz#99ac607adf73d85b91e94ee2e71bdb6858b01377"
  integrity sha1-maxget9z2FuR6U7i5xvbaFiwE3c=
  dependencies:
    oauth "*"
    qs "*"
